
Microsoft Visual Studio Solution File, Format Version 12.00
# Visual Studio 2015
Project("{FAE04EC0-301F-11D3-BF4B-00C04F79EFBC}") = "RotateScale_Hololens", "RotateScale_Hololens.csproj", "{C5E2D362-EFA2-DDC3-3FD6-76CEB8A0473D}"
EndProject
Project("{FAE04EC0-301F-11D3-BF4B-00C04F79EFBC}") = "RotateScale_Hololens.Editor", "RotateScale_Hololens.Editor.csproj", "{51719A58-1503-B451-FC2C-5F738FA7368D}"
EndProject
Global
	GlobalSection(SolutionConfigurationPlatforms) = preSolution
		Debug|Any CPU = Debug|Any CPU
		Release|Any CPU = Release|Any CPU
	EndGlobalSection
	GlobalSection(ProjectConfigurationPlatforms) = postSolution
		{C5E2D362-EFA2-DDC3-3FD6-76CEB8A0473D}.Debug|Any CPU.ActiveCfg = Debug|Any CPU
		{C5E2D362-EFA2-DDC3-3FD6-76CEB8A0473D}.Debug|Any CPU.Build.0 = Debug|Any CPU
		{C5E2D362-EFA2-DDC3-3FD6-76CEB8A0473D}.Release|Any CPU.ActiveCfg = Release|Any CPU
		{C5E2D362-EFA2-DDC3-3FD6-76CEB8A0473D}.Release|Any CPU.Build.0 = Release|Any CPU
		{51719A58-1503-B451-FC2C-5F738FA7368D}.Debug|Any CPU.ActiveCfg = Debug|Any CPU
		{51719A58-1503-B451-FC2C-5F738FA7368D}.Debug|Any CPU.Build.0 = Debug|Any CPU
		{51719A58-1503-B451-FC2C-5F738FA7368D}.Release|Any CPU.ActiveCfg = Release|Any CPU
		{51719A58-1503-B451-FC2C-5F738FA7368D}.Release|Any CPU.Build.0 = Release|Any CPU
	EndGlobalSection
	GlobalSection(SolutionProperties) = preSolution
		HideSolutionNode = FALSE
	EndGlobalSection
EndGlobal
